
Microsoft Visual Studio Solution File, Format Version 12.00
# Visual Studio Version 17
VisualStudioVersion = 17.14.36414.22
MinimumVisualStudioVersion = 10.0.40219.1
Project("{FAE04EC0-301F-11D3-BF4B-00C04F79EFBC}") = "ObjectOrientedProject.EntityLayer", "ObjectOrientedProject.EntityLayer\ObjectOrientedProject.EntityLayer.csproj", "{DE10C764-C16E-4AD3-8442-59D33E6DAAE2}"
EndProject
Project("{FAE04EC0-301F-11D3-BF4B-00C04F79EFBC}") = "ObjectOrientedProject.DataAccessLayer", "ObjectOrientedProject.DataAccessLayer\ObjectOrientedProject.DataAccessLayer.csproj", "{0095D93A-112B-4FE6-97A4-18FDFBD0EA5F}"
EndProject
Project("{FAE04EC0-301F-11D3-BF4B-00C04F79EFBC}") = "ObjectOrientedProject.BusinessLayer", "ObjectOrientedProject.BusinessLayer\ObjectOrientedProject.BusinessLayer.csproj", "{3B577639-1534-4477-8159-12FA0ED29D65}"
EndProject
Project("{FAE04EC0-301F-11D3-BF4B-00C04F79EFBC}") = "EgitimKampiEftravel", "EgitimKampiEftravel\EgitimKampiEftravel.csproj", "{637E5644-C4B1-4110-95AE-09618341C382}"
EndProject
Project("{FAE04EC0-301F-11D3-BF4B-00C04F79EFBC}") = "ObjectOrientedProject.PresentationLayer", "ObjectOrientedProject.PresentationLayer\ObjectOrientedProject.PresentationLayer.csproj", "{9762F015-C0FE-47A5-BB85-A131617A3411}"
EndProject
Global
	GlobalSection(SolutionConfigurationPlatforms) = preSolution
		Debug|Any CPU = Debug|Any CPU
		Release|Any CPU = Release|Any CPU
	EndGlobalSection
	GlobalSection(ProjectConfigurationPlatforms) = postSolution
		{DE10C764-C16E-4AD3-8442-59D33E6DAAE2}.Debug|Any CPU.ActiveCfg = Debug|Any CPU
		{DE10C764-C16E-4AD3-8442-59D33E6DAAE2}.Debug|Any CPU.Build.0 = Debug|Any CPU
		{DE10C764-C16E-4AD3-8442-59D33E6DAAE2}.Release|Any CPU.ActiveCfg = Release|Any CPU
		{DE10C764-C16E-4AD3-8442-59D33E6DAAE2}.Release|Any CPU.Build.0 = Release|Any CPU
		{0095D93A-112B-4FE6-97A4-18FDFBD0EA5F}.Debug|Any CPU.ActiveCfg = Debug|Any CPU
		{0095D93A-112B-4FE6-97A4-18FDFBD0EA5F}.Debug|Any CPU.Build.0 = Debug|Any CPU
		{0095D93A-112B-4FE6-97A4-18FDFBD0EA5F}.Release|Any CPU.ActiveCfg = Release|Any CPU
		{0095D93A-112B-4FE6-97A4-18FDFBD0EA5F}.Release|Any CPU.Build.0 = Release|Any CPU
		{3B577639-1534-4477-8159-12FA0ED29D65}.Debug|Any CPU.ActiveCfg = Debug|Any CPU
		{3B577639-1534-4477-8159-12FA0ED29D65}.Debug|Any CPU.Build.0 = Debug|Any CPU
		{3B577639-1534-4477-8159-12FA0ED29D65}.Release|Any CPU.ActiveCfg = Release|Any CPU
		{3B577639-1534-4477-8159-12FA0ED29D65}.Release|Any CPU.Build.0 = Release|Any CPU
		{637E5644-C4B1-4110-95AE-09618341C382}.Debug|Any CPU.ActiveCfg = Debug|Any CPU
		{637E5644-C4B1-4110-95AE-09618341C382}.Debug|Any CPU.Build.0 = Debug|Any CPU
		{637E5644-C4B1-4110-95AE-09618341C382}.Release|Any CPU.ActiveCfg = Release|Any CPU
		{637E5644-C4B1-4110-95AE-09618341C382}.Release|Any CPU.Build.0 = Release|Any CPU
		{9762F015-C0FE-47A5-BB85-A131617A3411}.Debug|Any CPU.ActiveCfg = Debug|Any CPU
		{9762F015-C0FE-47A5-BB85-A131617A3411}.Debug|Any CPU.Build.0 = Debug|Any CPU
		{9762F015-C0FE-47A5-BB85-A131617A3411}.Release|Any CPU.ActiveCfg = Release|Any CPU
		{9762F015-C0FE-47A5-BB85-A131617A3411}.Release|Any CPU.Build.0 = Release|Any CPU
	EndGlobalSection
	GlobalSection(SolutionProperties) = preSolution
		HideSolutionNode = FALSE
	EndGlobalSection
	GlobalSection(ExtensibilityGlobals) = postSolution
		SolutionGuid = {5E68F8E6-2C87-4D81-B7FD-2A7C98045C15}
	EndGlobalSection
EndGlobal
